{
  "originHash" : "5d4d5af1b500de6026c7e1630fa6af122370d1df08535121014c8ec5f922c7fa",
  "pins" : [
    {
      "identity" : "swift-cmark",
      "kind" : "remoteSourceControl",
      "location" : "https://github.com/swiftlang/swift-cmark.git",
      "state" : {
        "branch" : "gfm",
        "revision" : "b022b08312decdc46585e0b3440d97f6f22ef703"
      }
    },
    {
      "identity" : "swift-markdown",
      "kind" : "remoteSourceControl",
      "location" : "https://github.com/swiftlang/swift-markdown.git",
      "state" : {
        "branch" : "main",
        "revision" : "3588f0449f1592a5c746079a5c7e6c8b62ba55eb"
      }
    },
    {
      "identity" : "swiftprettytree",
      "kind" : "remoteSourceControl",
      "location" : "https://github.com/colbyn/SwiftPrettyTree.git",
      "state" : {
        "revision" : "96e678782def231fdd442d07e8a65fb5dac1e071",
        "version" : "0.6.5"
      }
    }
  ],
  "version" : 3
}
