// !$*UTF8*$!
{
	archiveVersion = 1;
	classes = {
	};
	objectVersion = 60;
	objects = {

/* Begin PBXBuildFile section */
		F41EC9F22D40458300E31A01 /* CoreTextKit in Frameworks */ = {isa = PBXBuildFile; productRef = F41EC9F12D40458300E31A01 /* CoreTextKit */; };
		F41EC9F42D40458300E31A01 /* DocumentBehavior in Frameworks */ = {isa = PBXBuildFile; productRef = F41EC9F32D40458300E31A01 /* DocumentBehavior */; };
		F47B08BF2D374A5100931A43 /* SampleAlphaApp.swift in Sources */ = {isa = PBXBuildFile; fileRef = F47B08BE2D374A5100931A43 /* SampleAlphaApp.swift */; };
		F47B08C32D374A5200931A43 /* Assets.xcassets in Resources */ = {isa = PBXBuildFile; fileRef = F47B08C22D374A5200931A43 /* Assets.xcassets */; };
		F47B08C72D374A5200931A43 /* Preview Assets.xcassets in Resources */ = {isa = PBXBuildFile; fileRef = F47B08C62D374A5200931A43 /* Preview Assets.xcassets */; };
		F4B897A42D40468600B084B3 /* SSMarkdown in Frameworks */ = {isa = PBXBuildFile; productRef = F4B897A32D40468600B084B3 /* SSMarkdown */; };
		F4B897A62D40468600B084B3 /* SSMarkdownAST in Frameworks */ = {isa = PBXBuildFile; productRef = F4B897A52D40468600B084B3 /* SSMarkdownAST */; };
/* End PBXBuildFile section */

/* Begin PBXFileReference section */
		F47B08BB2D374A5100931A43 /* SampleAlpha.app */ = {isa = PBXFileReference; explicitFileType = wrapper.application; includeInIndex = 0; path = SampleAlpha.app; sourceTree = BUILT_PRODUCTS_DIR; };
		F47B08BE2D374A5100931A43 /* SampleAlphaApp.swift */ = {isa = PBXFileReference; lastKnownFileType = sourcecode.swift; path = SampleAlphaApp.swift; sourceTree = "<group>"; };
		F47B08C22D374A5200931A43 /* Assets.xcassets */ = {isa = PBXFileReference; lastKnownFileType = folder.assetcatalog; path = Assets.xcassets; sourceTree = "<group>"; };
		F47B08C42D374A5200931A43 /* SampleAlpha.entitlements */ = {isa = PBXFileReference; lastKnownFileType = text.plist.entitlements; path = SampleAlpha.entitlements; sourceTree = "<group>"; };
		F47B08C62D374A5200931A43 /* Preview Assets.xcassets */ = {isa = PBXFileReference; lastKnownFileType = folder.assetcatalog; path = "Preview Assets.xcassets"; sourceTree = "<group>"; };
		F47B08D72D374C1900931A43 /* Info.plist */ = {isa = PBXFileReference; lastKnownFileType = text.plist; path = Info.plist; sourceTree = "<group>"; };
/* End PBXFileReference section */

/* Begin PBXFrameworksBuildPhase section */
		F47B08B82D374A5100931A43 /* Frameworks */ = {
			isa = PBXFrameworksBuildPhase;
			buildActionMask = 2147483647;
			files = (
				F4B897A42D40468600B084B3 /* SSMarkdown in Frameworks */,
				F41EC9F22D40458300E31A01 /* CoreTextKit in Frameworks */,
				F4B897A62D40468600B084B3 /* SSMarkdownAST in Frameworks */,
				F41EC9F42D40458300E31A01 /* DocumentBehavior in Frameworks */,
			);
			runOnlyForDeploymentPostprocessing = 0;
		};
/* End PBXFrameworksBuildPhase section */

/* Begin PBXGroup section */
		F47B08B22D374A5100931A43 = {
			isa = PBXGroup;
			children = (
				F47B08CD2D374A5700931A43 /* Source */,
				F47B08BD2D374A5100931A43 /* SampleAlpha */,
				F47B08BC2D374A5100931A43 /* Products */,
				F4B897A22D40468600B084B3 /* Frameworks */,
			);
			sourceTree = "<group>";
		};
		F47B08BC2D374A5100931A43 /* Products */ = {
			isa = PBXGroup;
			children = (
				F47B08BB2D374A5100931A43 /* SampleAlpha.app */,
			);
			name = Products;
			sourceTree = "<group>";
		};
		F47B08BD2D374A5100931A43 /* SampleAlpha */ = {
			isa = PBXGroup;
			children = (
				F47B08D72D374C1900931A43 /* Info.plist */,
				F47B08C22D374A5200931A43 /* Assets.xcassets */,
				F47B08C42D374A5200931A43 /* SampleAlpha.entitlements */,
				F47B08C52D374A5200931A43 /* Preview Content */,
			);
			path = SampleAlpha;
			sourceTree = "<group>";
		};
		F47B08C52D374A5200931A43 /* Preview Content */ = {
			isa = PBXGroup;
			children = (
				F47B08C62D374A5200931A43 /* Preview Assets.xcassets */,
			);
			path = "Preview Content";
			sourceTree = "<group>";
		};
		F47B08CD2D374A5700931A43 /* Source */ = {
			isa = PBXGroup;
			children = (
				F47B08BE2D374A5100931A43 /* SampleAlphaApp.swift */,
			);
			path = Source;
			sourceTree = "<group>";
		};
		F4B897A22D40468600B084B3 /* Frameworks */ = {
			isa = PBXGroup;
			children = (
			);
			name = Frameworks;
			sourceTree = "<group>";
		};
/* End PBXGroup section */

/* Begin PBXNativeTarget section */
		F47B08BA2D374A5100931A43 /* SampleAlpha */ = {
			isa = PBXNativeTarget;
			buildConfigurationList = F47B08CA2D374A5200931A43 /* Build configuration list for PBXNativeTarget "SampleAlpha" */;
			buildPhases = (
				F47B08B72D374A5100931A43 /* Sources */,
				F47B08B82D374A5100931A43 /* Frameworks */,
				F47B08B92D374A5100931A43 /* Resources */,
			);
			buildRules = (
			);
			dependencies = (
			);
			name = SampleAlpha;
			packageProductDependencies = (
				F41EC9F12D40458300E31A01 /* CoreTextKit */,
				F41EC9F32D40458300E31A01 /* DocumentBehavior */,
				F4B897A32D40468600B084B3 /* SSMarkdown */,
				F4B897A52D40468600B084B3 /* SSMarkdownAST */,
			);
			productName = SampleAlpha;
			productReference = F47B08BB2D374A5100931A43 /* SampleAlpha.app */;
			productType = "com.apple.product-type.application";
		};
/* End PBXNativeTarget section */

/* Begin PBXProject section */
		F47B08B32D374A5100931A43 /* Project object */ = {
			isa = PBXProject;
			attributes = {
				BuildIndependentTargetsInParallel = 1;
				LastSwiftUpdateCheck = 1540;
				LastUpgradeCheck = 1540;
				TargetAttributes = {
					F47B08BA2D374A5100931A43 = {
						CreatedOnToolsVersion = 15.4;
					};
				};
			};
			buildConfigurationList = F47B08B62D374A5100931A43 /* Build configuration list for PBXProject "SampleAlpha" */;
			compatibilityVersion = "Xcode 14.0";
			developmentRegion = en;
			hasScannedForEncodings = 0;
			knownRegions = (
				en,
				Base,
			);
			mainGroup = F47B08B22D374A5100931A43;
			packageReferences = (
				F41EC9EE2D4044FF00E31A01 /* XCLocalSwiftPackageReference "../DocumentKit" */,
			);
			productRefGroup = F47B08BC2D374A5100931A43 /* Products */;
			projectDirPath = "";
			projectRoot = "";
			targets = (
				F47B08BA2D374A5100931A43 /* SampleAlpha */,
			);
		};
/* End PBXProject section */

/* Begin PBXResourcesBuildPhase section */
		F47B08B92D374A5100931A43 /* Resources */ = {
			isa = PBXResourcesBuildPhase;
			buildActionMask = 2147483647;
			files = (
				F47B08C72D374A5200931A43 /* Preview Assets.xcassets in Resources */,
				F47B08C32D374A5200931A43 /* Assets.xcassets in Resources */,
			);
			runOnlyForDeploymentPostprocessing = 0;
		};
/* End PBXResourcesBuildPhase section */

/* Begin PBXSourcesBuildPhase section */
		F47B08B72D374A5100931A43 /* Sources */ = {
			isa = PBXSourcesBuildPhase;
			buildActionMask = 2147483647;
			files = (
				F47B08BF2D374A5100931A43 /* SampleAlphaApp.swift in Sources */,
			);
			runOnlyForDeploymentPostprocessing = 0;
		};
/* End PBXSourcesBuildPhase section */

/* Begin XCBuildConfiguration section */
		F47B08C82D374A5200931A43 /* Debug */ = {
			isa = XCBuildConfiguration;
			buildSettings = {
				ALWAYS_SEARCH_USER_PATHS = NO;
				ASSETCATALOG_COMPILER_GENERATE_SWIFT_ASSET_SYMBOL_EXTENSIONS = YES;
				CLANG_ANALYZER_NONNULL = YES;
				CLANG_ANALYZER_NUMBER_OBJECT_CONVERSION = YES_AGGRESSIVE;
				CLANG_CXX_LANGUAGE_STANDARD = "gnu++20";
				CLANG_ENABLE_MODULES = YES;
				CLANG_ENABLE_OBJC_ARC = YES;
				CLANG_ENABLE_OBJC_WEAK = YES;
				CLANG_WARN_BLOCK_CAPTURE_AUTORELEASING = YES;
				CLANG_WARN_BOOL_CONVERSION = YES;
				CLANG_WARN_COMMA = YES;
				CLANG_WARN_CONSTANT_CONVERSION = YES;
				CLANG_WARN_DEPRECATED_OBJC_IMPLEMENTATIONS = YES;
				CLANG_WARN_DIRECT_OBJC_ISA_USAGE = YES_ERROR;
				CLANG_WARN_DOCUMENTATION_COMMENTS = YES;
				CLANG_WARN_EMPTY_BODY = YES;
				CLANG_WARN_ENUM_CONVERSION = YES;
				CLANG_WARN_INFINITE_RECURSION = YES;
				CLANG_WARN_INT_CONVERSION = YES;
				CLANG_WARN_NON_LITERAL_NULL_CONVERSION = YES;
				CLANG_WARN_OBJC_IMPLICIT_RETAIN_SELF = YES;
				CLANG_WARN_OBJC_LITERAL_CONVERSION = YES;
				CLANG_WARN_OBJC_ROOT_CLASS = YES_ERROR;
				CLANG_WARN_QUOTED_INCLUDE_IN_FRAMEWORK_HEADER = YES;
				CLANG_WARN_RANGE_LOOP_ANALYSIS = YES;
				CLANG_WARN_STRICT_PROTOTYPES = YES;
				CLANG_WARN_SUSPICIOUS_MOVE = YES;
				CLANG_WARN_UNGUARDED_AVAILABILITY = YES_AGGRESSIVE;
				CLANG_WARN_UNREACHABLE_CODE = YES;
				CLANG_WARN__DUPLICATE_METHOD_MATCH = YES;
				COPY_PHASE_STRIP = NO;
				DEBUG_INFORMATION_FORMAT = dwarf;
				ENABLE_STRICT_OBJC_MSGSEND = YES;
				ENABLE_TESTABILITY = YES;
				ENABLE_USER_SCRIPT_SANDBOXING = YES;
				GCC_C_LANGUAGE_STANDARD = gnu17;
				GCC_DYNAMIC_NO_PIC = NO;
				GCC_NO_COMMON_BLOCKS = YES;
				GCC_OPTIMIZATION_LEVEL = 0;
				GCC_PREPROCESSOR_DEFINITIONS = (
					"DEBUG=1",
					"$(inherited)",
				);
				GCC_WARN_64_TO_32_BIT_CONVERSION = YES;
				GCC_WARN_ABOUT_RETURN_TYPE = YES_ERROR;
				GCC_WARN_UNDECLARED_SELECTOR = YES;
				GCC_WARN_UNINITIALIZED_AUTOS = YES_AGGRESSIVE;
				GCC_WARN_UNUSED_FUNCTION = YES;
				GCC_WARN_UNUSED_VARIABLE = YES;
				LOCALIZATION_PREFERS_STRING_CATALOGS = YES;
				MTL_ENABLE_DEBUG_INFO = INCLUDE_SOURCE;
				MTL_FAST_MATH = YES;
				ONLY_ACTIVE_ARCH = YES;
				SWIFT_ACTIVE_COMPILATION_CONDITIONS = "DEBUG $(inherited)";
				SWIFT_OPTIMIZATION_LEVEL = "-Onone";
			};
			name = Debug;
		};
		F47B08C92D374A5200931A43 /* Release */ = {
			isa = XCBuildConfiguration;
			buildSettings = {
				ALWAYS_SEARCH_USER_PATHS = NO;
				ASSETCATALOG_COMPILER_GENERATE_SWIFT_ASSET_SYMBOL_EXTENSIONS = YES;
				CLANG_ANALYZER_NONNULL = YES;
				CLANG_ANALYZER_NUMBER_OBJECT_CONVERSION = YES_AGGRESSIVE;
				CLANG_CXX_LANGUAGE_STANDARD = "gnu++20";
				CLANG_ENABLE_MODULES = YES;
				CLANG_ENABLE_OBJC_ARC = YES;
				CLANG_ENABLE_OBJC_WEAK = YES;
				CLANG_WARN_BLOCK_CAPTURE_AUTORELEASING = YES;
				CLANG_WARN_BOOL_CONVERSION = YES;
				CLANG_WARN_COMMA = YES;
				CLANG_WARN_CONSTANT_CONVERSION = YES;
				CLANG_WARN_DEPRECATED_OBJC_IMPLEMENTATIONS = YES;
				CLANG_WARN_DIRECT_OBJC_ISA_USAGE = YES_ERROR;
				CLANG_WARN_DOCUMENTATION_COMMENTS = YES;
				CLANG_WARN_EMPTY_BODY = YES;
				CLANG_WARN_ENUM_CONVERSION = YES;
				CLANG_WARN_INFINITE_RECURSION = YES;
				CLANG_WARN_INT_CONVERSION = YES;
				CLANG_WARN_NON_LITERAL_NULL_CONVERSION = YES;
				CLANG_WARN_OBJC_IMPLICIT_RETAIN_SELF = YES;
				CLANG_WARN_OBJC_LITERAL_CONVERSION = YES;
				CLANG_WARN_OBJC_ROOT_CLASS = YES_ERROR;
				CLANG_WARN_QUOTED_INCLUDE_IN_FRAMEWORK_HEADER = YES;
				CLANG_WARN_RANGE_LOOP_ANALYSIS = YES;
				CLANG_WARN_STRICT_PROTOTYPES = YES;
				CLANG_WARN_SUSPICIOUS_MOVE = YES;
				CLANG_WARN_UNGUARDED_AVAILABILITY = YES_AGGRESSIVE;
				CLANG_WARN_UNREACHABLE_CODE = YES;
				CLANG_WARN__DUPLICATE_METHOD_MATCH = YES;
				COPY_PHASE_STRIP = NO;
				DEBUG_INFORMATION_FORMAT = "dwarf-with-dsym";
				ENABLE_NS_ASSERTIONS = NO;
				ENABLE_STRICT_OBJC_MSGSEND = YES;
				ENABLE_USER_SCRIPT_SANDBOXING = YES;
				GCC_C_LANGUAGE_STANDARD = gnu17;
				GCC_NO_COMMON_BLOCKS = YES;
				GCC_WARN_64_TO_32_BIT_CONVERSION = YES;
				GCC_WARN_ABOUT_RETURN_TYPE = YES_ERROR;
				GCC_WARN_UNDECLARED_SELECTOR = YES;
				GCC_WARN_UNINITIALIZED_AUTOS = YES_AGGRESSIVE;
				GCC_WARN_UNUSED_FUNCTION = YES;
				GCC_WARN_UNUSED_VARIABLE = YES;
				LOCALIZATION_PREFERS_STRING_CATALOGS = YES;
				MTL_ENABLE_DEBUG_INFO = NO;
				MTL_FAST_MATH = YES;
				SWIFT_COMPILATION_MODE = wholemodule;
			};
			name = Release;
		};
		F47B08CB2D374A5200931A43 /* Debug */ = {
			isa = XCBuildConfiguration;
			buildSettings = {
				ASSETCATALOG_COMPILER_APPICON_NAME = AppIcon;
				ASSETCATALOG_COMPILER_GLOBAL_ACCENT_COLOR_NAME = AccentColor;
				CODE_SIGN_ENTITLEMENTS = SampleAlpha/SampleAlpha.entitlements;
				CODE_SIGN_STYLE = Automatic;
				CURRENT_PROJECT_VERSION = 1;
				DEVELOPMENT_ASSET_PATHS = "\"SampleAlpha/Preview Content\"";
				DEVELOPMENT_TEAM = CV5FXG5P92;
				ENABLE_HARDENED_RUNTIME = YES;
				ENABLE_PREVIEWS = YES;
				GENERATE_INFOPLIST_FILE = YES;
				INFOPLIST_FILE = SampleAlpha/Info.plist;
				"INFOPLIST_KEY_UIApplicationSceneManifest_Generation[sdk=iphoneos*]" = YES;
				"INFOPLIST_KEY_UIApplicationSceneManifest_Generation[sdk=iphonesimulator*]" = YES;
				"INFOPLIST_KEY_UIApplicationSupportsIndirectInputEvents[sdk=iphoneos*]" = YES;
				"INFOPLIST_KEY_UIApplicationSupportsIndirectInputEvents[sdk=iphonesimulator*]" = YES;
				"INFOPLIST_KEY_UILaunchScreen_Generation[sdk=iphoneos*]" = YES;
				"INFOPLIST_KEY_UILaunchScreen_Generation[sdk=iphonesimulator*]" = YES;
				"INFOPLIST_KEY_UIStatusBarStyle[sdk=iphoneos*]" = UIStatusBarStyleDefault;
				"INFOPLIST_KEY_UIStatusBarStyle[sdk=iphonesimulator*]" = UIStatusBarStyleDefault;
				INFOPLIST_KEY_UISupportedInterfaceOrientations_iPad = "UIInterfaceOrientationPortrait UIInterfaceOrientationPortraitUpsideDown UIInterfaceOrientationLandscapeLeft UIInterfaceOrientationLandscapeRight";
				INFOPLIST_KEY_UISupportedInterfaceOrientations_iPhone = "UIInterfaceOrientationPortrait UIInterfaceOrientationLandscapeLeft UIInterfaceOrientationLandscapeRight";
				INFOPLIST_KEY_UIUserInterfaceStyle = Light;
				IPHONEOS_DEPLOYMENT_TARGET = 17.5;
				LD_RUNPATH_SEARCH_PATHS = "@executable_path/Frameworks";
				"LD_RUNPATH_SEARCH_PATHS[sdk=macosx*]" = "@executable_path/../Frameworks";
				MACOSX_DEPLOYMENT_TARGET = 14.5;
				MARKETING_VERSION = 1.0;
				PRODUCT_BUNDLE_IDENTIFIER = com.colbyn.SampleAlpha;
				PRODUCT_NAME = "$(TARGET_NAME)";
				SDKROOT = auto;
				SUPPORTED_PLATFORMS = "iphoneos iphonesimulator macosx";
				SUPPORTS_MACCATALYST = YES;
				SWIFT_EMIT_LOC_STRINGS = YES;
				SWIFT_VERSION = 5.0;
				TARGETED_DEVICE_FAMILY = "1,2";
			};
			name = Debug;
		};
		F47B08CC2D374A5200931A43 /* Release */ = {
			isa = XCBuildConfiguration;
			buildSettings = {
				ASSETCATALOG_COMPILER_APPICON_NAME = AppIcon;
				ASSETCATALOG_COMPILER_GLOBAL_ACCENT_COLOR_NAME = AccentColor;
				CODE_SIGN_ENTITLEMENTS = SampleAlpha/SampleAlpha.entitlements;
				CODE_SIGN_STYLE = Automatic;
				CURRENT_PROJECT_VERSION = 1;
				DEVELOPMENT_ASSET_PATHS = "\"SampleAlpha/Preview Content\"";
				DEVELOPMENT_TEAM = CV5FXG5P92;
				ENABLE_HARDENED_RUNTIME = YES;
				ENABLE_PREVIEWS = YES;
				GENERATE_INFOPLIST_FILE = YES;
				INFOPLIST_FILE = SampleAlpha/Info.plist;
				"INFOPLIST_KEY_UIApplicationSceneManifest_Generation[sdk=iphoneos*]" = YES;
				"INFOPLIST_KEY_UIApplicationSceneManifest_Generation[sdk=iphonesimulator*]" = YES;
				"INFOPLIST_KEY_UIApplicationSupportsIndirectInputEvents[sdk=iphoneos*]" = YES;
				"INFOPLIST_KEY_UIApplicationSupportsIndirectInputEvents[sdk=iphonesimulator*]" = YES;
				"INFOPLIST_KEY_UILaunchScreen_Generation[sdk=iphoneos*]" = YES;
				"INFOPLIST_KEY_UILaunchScreen_Generation[sdk=iphonesimulator*]" = YES;
				"INFOPLIST_KEY_UIStatusBarStyle[sdk=iphoneos*]" = UIStatusBarStyleDefault;
				"INFOPLIST_KEY_UIStatusBarStyle[sdk=iphonesimulator*]" = UIStatusBarStyleDefault;
				INFOPLIST_KEY_UISupportedInterfaceOrientations_iPad = "UIInterfaceOrientationPortrait UIInterfaceOrientationPortraitUpsideDown UIInterfaceOrientationLandscapeLeft UIInterfaceOrientationLandscapeRight";
				INFOPLIST_KEY_UISupportedInterfaceOrientations_iPhone = "UIInterfaceOrientationPortrait UIInterfaceOrientationLandscapeLeft UIInterfaceOrientationLandscapeRight";
				INFOPLIST_KEY_UIUserInterfaceStyle = Light;
				IPHONEOS_DEPLOYMENT_TARGET = 17.5;
				LD_RUNPATH_SEARCH_PATHS = "@executable_path/Frameworks";
				"LD_RUNPATH_SEARCH_PATHS[sdk=macosx*]" = "@executable_path/../Frameworks";
				MACOSX_DEPLOYMENT_TARGET = 14.5;
				MARKETING_VERSION = 1.0;
				PRODUCT_BUNDLE_IDENTIFIER = com.colbyn.SampleAlpha;
				PRODUCT_NAME = "$(TARGET_NAME)";
				SDKROOT = auto;
				SUPPORTED_PLATFORMS = "iphoneos iphonesimulator macosx";
				SUPPORTS_MACCATALYST = YES;
				SWIFT_EMIT_LOC_STRINGS = YES;
				SWIFT_VERSION = 5.0;
				TARGETED_DEVICE_FAMILY = "1,2";
			};
			name = Release;
		};
/* End XCBuildConfiguration section */

/* Begin XCConfigurationList section */
		F47B08B62D374A5100931A43 /* Build configuration list for PBXProject "SampleAlpha" */ = {
			isa = XCConfigurationList;
			buildConfigurations = (
				F47B08C82D374A5200931A43 /* Debug */,
				F47B08C92D374A5200931A43 /* Release */,
			);
			defaultConfigurationIsVisible = 0;
			defaultConfigurationName = Release;
		};
		F47B08CA2D374A5200931A43 /* Build configuration list for PBXNativeTarget "SampleAlpha" */ = {
			isa = XCConfigurationList;
			buildConfigurations = (
				F47B08CB2D374A5200931A43 /* Debug */,
				F47B08CC2D374A5200931A43 /* Release */,
			);
			defaultConfigurationIsVisible = 0;
			defaultConfigurationName = Release;
		};
/* End XCConfigurationList section */

/* Begin XCLocalSwiftPackageReference section */
		F41EC9EE2D4044FF00E31A01 /* XCLocalSwiftPackageReference "../DocumentKit" */ = {
			isa = XCLocalSwiftPackageReference;
			relativePath = ../DocumentKit;
		};
/* End XCLocalSwiftPackageReference section */

/* Begin XCSwiftPackageProductDependency section */
		F41EC9F12D40458300E31A01 /* CoreTextKit */ = {
			isa = XCSwiftPackageProductDependency;
			productName = CoreTextKit;
		};
		F41EC9F32D40458300E31A01 /* DocumentBehavior */ = {
			isa = XCSwiftPackageProductDependency;
			productName = DocumentBehavior;
		};
		F4B897A32D40468600B084B3 /* SSMarkdown */ = {
			isa = XCSwiftPackageProductDependency;
			productName = SSMarkdown;
		};
		F4B897A52D40468600B084B3 /* SSMarkdownAST */ = {
			isa = XCSwiftPackageProductDependency;
			productName = SSMarkdownAST;
		};
/* End XCSwiftPackageProductDependency section */
	};
	rootObject = F47B08B32D374A5100931A43 /* Project object */;
}
